// !$*UTF8*$!
{
	archiveVersion = 1;
	classes = {
	};
	objectVersion = 50;
	objects = {

/* Begin PBXBuildFile section */
		37B528BC21A166E400C5586A /* AppDelegate.swift in Sources */ = {isa = PBXBuildFile; fileRef = 37B528BB21A166E400C5586A /* AppDelegate.swift */; };
		37B528C321A166E600C5586A /* Assets.xcassets in Resources */ = {isa = PBXBuildFile; fileRef = 37B528C221A166E600C5586A /* Assets.xcassets */; };
		37B528D121A166E600C5586A /* NYAPIAssigmentTests.swift in Sources */ = {isa = PBXBuildFile; fileRef = 37B528D021A166E600C5586A /* NYAPIAssigmentTests.swift */; };
		37B528E421A1687C00C5586A /* BaseVC.swift in Sources */ = {isa = PBXBuildFile; fileRef = 37B528E321A1687C00C5586A /* BaseVC.swift */; };
		37B528E621A1688A00C5586A /* NewsVC.swift in Sources */ = {isa = PBXBuildFile; fileRef = 37B528E521A1688A00C5586A /* NewsVC.swift */; };
		37B528E821A168A600C5586A /* NewsDetailVC.swift in Sources */ = {isa = PBXBuildFile; fileRef = 37B528E721A168A600C5586A /* NewsDetailVC.swift */; };
		37B528EE21A168FB00C5586A /* LaunchScreen.storyboard in Resources */ = {isa = PBXBuildFile; fileRef = 37B528ED21A168FB00C5586A /* LaunchScreen.storyboard */; };
		37B528F021A1691500C5586A /* NewsStoryboard.storyboard in Resources */ = {isa = PBXBuildFile; fileRef = 37B528EF21A1691500C5586A /* NewsStoryboard.storyboard */; };
		37B528F221A16ADA00C5586A /* AppConstant.swift in Sources */ = {isa = PBXBuildFile; fileRef = 37B528F121A16ADA00C5586A /* AppConstant.swift */; };
		37B528F521A16DEC00C5586A /* ExtensionUIColor.swift in Sources */ = {isa = PBXBuildFile; fileRef = 37B528F421A16DEC00C5586A /* ExtensionUIColor.swift */; };
		37B528F821A18C3A00C5586A /* TableViewCellNewsList.swift in Sources */ = {isa = PBXBuildFile; fileRef = 37B528F721A18C3A00C5586A /* TableViewCellNewsList.swift */; };
		37B528FD21A1944A00C5586A /* NewsResult.swift in Sources */ = {isa = PBXBuildFile; fileRef = 37B528FA21A1944900C5586A /* NewsResult.swift */; };
		37B528FE21A1944A00C5586A /* NewsMediaMetadata.swift in Sources */ = {isa = PBXBuildFile; fileRef = 37B528FB21A1944A00C5586A /* NewsMediaMetadata.swift */; };
		37B528FF21A1944A00C5586A /* NewsMedia.swift in Sources */ = {isa = PBXBuildFile; fileRef = 37B528FC21A1944A00C5586A /* NewsMedia.swift */; };
		37B5290321A194C000C5586A /* NewsDataSource.swift in Sources */ = {isa = PBXBuildFile; fileRef = 37B5290221A194C000C5586A /* NewsDataSource.swift */; };
		37B5290521A195AB00C5586A /* NewsResponse.swift in Sources */ = {isa = PBXBuildFile; fileRef = 37B5290421A195AB00C5586A /* NewsResponse.swift */; };
		37B5290821A1A52500C5586A /* NetworkRequestController.swift in Sources */ = {isa = PBXBuildFile; fileRef = 37B5290721A1A52500C5586A /* NetworkRequestController.swift */; };
		37B5290A21A1A5A700C5586A /* APIResource.swift in Sources */ = {isa = PBXBuildFile; fileRef = 37B5290921A1A5A700C5586A /* APIResource.swift */; };
		37B5290F21A1E62900C5586A /* Formatters.swift in Sources */ = {isa = PBXBuildFile; fileRef = 37B5290E21A1E62900C5586A /* Formatters.swift */; };
		37B5291121A1E8C400C5586A /* ImageCache.swift in Sources */ = {isa = PBXBuildFile; fileRef = 37B5291021A1E8C400C5586A /* ImageCache.swift */; };
		37B5291321A1F61200C5586A /* NewTableDelegate.swift in Sources */ = {isa = PBXBuildFile; fileRef = 37B5291221A1F61200C5586A /* NewTableDelegate.swift */; };
		3AE6BF3D1AF56A556FAD48ED /* Pods_NYAPIAssigment.framework in Frameworks */ = {isa = PBXBuildFile; fileRef = 2A88EAF515CCB3140E6DB625 /* Pods_NYAPIAssigment.framework */; };
		E1EB48E949CECF85B55283B8 /* Pods_NYAPIAssigmentTests.framework in Frameworks */ = {isa = PBXBuildFile; fileRef = 9C77DD48A04E8BFD86398394 /* Pods_NYAPIAssigmentTests.framework */; };
/* End PBXBuildFile section */

/* Begin PBXContainerItemProxy section */
		37B528CD21A166E600C5586A /* PBXContainerItemProxy */ = {
			isa = PBXContainerItemProxy;
			containerPortal = 37B528B021A166E400C5586A /* Project object */;
			proxyType = 1;
			remoteGlobalIDString = 37B528B721A166E400C5586A;
			remoteInfo = NYAPIAssigment;
		};
/* End PBXContainerItemProxy section */

/* Begin PBXFileReference section */
		0DB6F66C51DF11FCF759E85A /* Pods-NYAPIAssigment.release.xcconfig */ = {isa = PBXFileReference; includeInIndex = 1; lastKnownFileType = text.xcconfig; name = "Pods-NYAPIAssigment.release.xcconfig"; path = "Pods/Target Support Files/Pods-NYAPIAssigment/Pods-NYAPIAssigment.release.xcconfig"; sourceTree = "<group>"; };
		2A88EAF515CCB3140E6DB625 /* Pods_NYAPIAssigment.framework */ = {isa = PBXFileReference; explicitFileType = wrapper.framework; includeInIndex = 0; path = Pods_NYAPIAssigment.framework; sourceTree = BUILT_PRODUCTS_DIR; };
		37B528B821A166E400C5586A /* NYAPIAssigment.app */ = {isa = PBXFileReference; explicitFileType = wrapper.application; includeInIndex = 0; path = NYAPIAssigment.app; sourceTree = BUILT_PRODUCTS_DIR; };
		37B528BB21A166E400C5586A /* AppDelegate.swift */ = {isa = PBXFileReference; lastKnownFileType = sourcecode.swift; path = AppDelegate.swift; sourceTree = "<group>"; };
		37B528C221A166E600C5586A /* Assets.xcassets */ = {isa = PBXFileReference; lastKnownFileType = folder.assetcatalog; path = Assets.xcassets; sourceTree = "<group>"; };
		37B528C721A166E600C5586A /* Info.plist */ = {isa = PBXFileReference; lastKnownFileType = text.plist.xml; path = Info.plist; sourceTree = "<group>"; };
		37B528CC21A166E600C5586A /* NYAPIAssigmentTests.xctest */ = {isa = PBXFileReference; explicitFileType = wrapper.cfbundle; includeInIndex = 0; path = NYAPIAssigmentTests.xctest; sourceTree = BUILT_PRODUCTS_DIR; };
		37B528D021A166E600C5586A /* NYAPIAssigmentTests.swift */ = {isa = PBXFileReference; lastKnownFileType = sourcecode.swift; path = NYAPIAssigmentTests.swift; sourceTree = "<group>"; };
		37B528D221A166E600C5586A /* Info.plist */ = {isa = PBXFileReference; lastKnownFileType = text.plist.xml; path = Info.plist; sourceTree = "<group>"; };
		37B528E321A1687C00C5586A /* BaseVC.swift */ = {isa = PBXFileReference; lastKnownFileType = sourcecode.swift; path = BaseVC.swift; sourceTree = "<group>"; };
		37B528E521A1688A00C5586A /* NewsVC.swift */ = {isa = PBXFileReference; lastKnownFileType = sourcecode.swift; path = NewsVC.swift; sourceTree = "<group>"; };
		37B528E721A168A600C5586A /* NewsDetailVC.swift */ = {isa = PBXFileReference; lastKnownFileType = sourcecode.swift; path = NewsDetailVC.swift; sourceTree = "<group>"; };
		37B528ED21A168FB00C5586A /* LaunchScreen.storyboard */ = {isa = PBXFileReference; lastKnownFileType = file.storyboard; path = LaunchScreen.storyboard; sourceTree = "<group>"; };
		37B528EF21A1691500C5586A /* NewsStoryboard.storyboard */ = {isa = PBXFileReference; lastKnownFileType = file.storyboard; path = NewsStoryboard.storyboard; sourceTree = "<group>"; };
		37B528F121A16ADA00C5586A /* AppConstant.swift */ = {isa = PBXFileReference; lastKnownFileType = sourcecode.swift; path = AppConstant.swift; sourceTree = "<group>"; };
		37B528F421A16DEC00C5586A /* ExtensionUIColor.swift */ = {isa = PBXFileReference; lastKnownFileType = sourcecode.swift; path = ExtensionUIColor.swift; sourceTree = "<group>"; };
		37B528F721A18C3A00C5586A /* TableViewCellNewsList.swift */ = {isa = PBXFileReference; lastKnownFileType = sourcecode.swift; path = TableViewCellNewsList.swift; sourceTree = "<group>"; };
		37B528FA21A1944900C5586A /* NewsResult.swift */ = {isa = PBXFileReference; fileEncoding = 4; lastKnownFileType = sourcecode.swift; path = NewsResult.swift; sourceTree = "<group>"; };
		37B528FB21A1944A00C5586A /* NewsMediaMetadata.swift */ = {isa = PBXFileReference; fileEncoding = 4; lastKnownFileType = sourcecode.swift; path = NewsMediaMetadata.swift; sourceTree = "<group>"; };
		37B528FC21A1944A00C5586A /* NewsMedia.swift */ = {isa = PBXFileReference; fileEncoding = 4; lastKnownFileType = sourcecode.swift; path = NewsMedia.swift; sourceTree = "<group>"; };
		37B5290221A194C000C5586A /* NewsDataSource.swift */ = {isa = PBXFileReference; lastKnownFileType = sourcecode.swift; path = NewsDataSource.swift; sourceTree = "<group>"; };
		37B5290421A195AB00C5586A /* NewsResponse.swift */ = {isa = PBXFileReference; fileEncoding = 4; lastKnownFileType = sourcecode.swift; path = NewsResponse.swift; sourceTree = "<group>"; };
		37B5290721A1A52500C5586A /* NetworkRequestController.swift */ = {isa = PBXFileReference; lastKnownFileType = sourcecode.swift; path = NetworkRequestController.swift; sourceTree = "<group>"; };
		37B5290921A1A5A700C5586A /* APIResource.swift */ = {isa = PBXFileReference; lastKnownFileType = sourcecode.swift; path = APIResource.swift; sourceTree = "<group>"; };
		37B5290E21A1E62900C5586A /* Formatters.swift */ = {isa = PBXFileReference; lastKnownFileType = sourcecode.swift; path = Formatters.swift; sourceTree = "<group>"; };
		37B5291021A1E8C400C5586A /* ImageCache.swift */ = {isa = PBXFileReference; fileEncoding = 4; lastKnownFileType = sourcecode.swift; path = ImageCache.swift; sourceTree = "<group>"; };
		37B5291221A1F61200C5586A /* NewTableDelegate.swift */ = {isa = PBXFileReference; lastKnownFileType = sourcecode.swift; path = NewTableDelegate.swift; sourceTree = "<group>"; };
		5B9C61F2AE2AA2BF1AE99E18 /* Pods-NYAPIAssigmentTests.release.xcconfig */ = {isa = PBXFileReference; includeInIndex = 1; lastKnownFileType = text.xcconfig; name = "Pods-NYAPIAssigmentTests.release.xcconfig"; path = "Pods/Target Support Files/Pods-NYAPIAssigmentTests/Pods-NYAPIAssigmentTests.release.xcconfig"; sourceTree = "<group>"; };
		9C77DD48A04E8BFD86398394 /* Pods_NYAPIAssigmentTests.framework */ = {isa = PBXFileReference; explicitFileType = wrapper.framework; includeInIndex = 0; path = Pods_NYAPIAssigmentTests.framework; sourceTree = BUILT_PRODUCTS_DIR; };
		EE9A44985564639CC1C2AFC6 /* Pods-NYAPIAssigment.debug.xcconfig */ = {isa = PBXFileReference; includeInIndex = 1; lastKnownFileType = text.xcconfig; name = "Pods-NYAPIAssigment.debug.xcconfig"; path = "Pods/Target Support Files/Pods-NYAPIAssigment/Pods-NYAPIAssigment.debug.xcconfig"; sourceTree = "<group>"; };
		F908595ED3E3FB2A783980C1 /* Pods-NYAPIAssigmentTests.debug.xcconfig */ = {isa = PBXFileReference; includeInIndex = 1; lastKnownFileType = text.xcconfig; name = "Pods-NYAPIAssigmentTests.debug.xcconfig"; path = "Pods/Target Support Files/Pods-NYAPIAssigmentTests/Pods-NYAPIAssigmentTests.debug.xcconfig"; sourceTree = "<group>"; };
/* End PBXFileReference section */

/* Begin PBXFrameworksBuildPhase section */
		37B528B521A166E400C5586A /* Frameworks */ = {
			isa = PBXFrameworksBuildPhase;
			buildActionMask = 2147483647;
			files = (
				3AE6BF3D1AF56A556FAD48ED /* Pods_NYAPIAssigment.framework in Frameworks */,
			);
			runOnlyForDeploymentPostprocessing = 0;
		};
		37B528C921A166E600C5586A /* Frameworks */ = {
			isa = PBXFrameworksBuildPhase;
			buildActionMask = 2147483647;
			files = (
				E1EB48E949CECF85B55283B8 /* Pods_NYAPIAssigmentTests.framework in Frameworks */,
			);
			runOnlyForDeploymentPostprocessing = 0;
		};
/* End PBXFrameworksBuildPhase section */

/* Begin PBXGroup section */
		06729C5F5012B650B45F482D /* Frameworks */ = {
			isa = PBXGroup;
			children = (
				2A88EAF515CCB3140E6DB625 /* Pods_NYAPIAssigment.framework */,
				9C77DD48A04E8BFD86398394 /* Pods_NYAPIAssigmentTests.framework */,
			);
			name = Frameworks;
			sourceTree = "<group>";
		};
		1BAF2396C9A93CEFBA07EB47 /* Pods */ = {
			isa = PBXGroup;
			children = (
				EE9A44985564639CC1C2AFC6 /* Pods-NYAPIAssigment.debug.xcconfig */,
				0DB6F66C51DF11FCF759E85A /* Pods-NYAPIAssigment.release.xcconfig */,
				F908595ED3E3FB2A783980C1 /* Pods-NYAPIAssigmentTests.debug.xcconfig */,
				5B9C61F2AE2AA2BF1AE99E18 /* Pods-NYAPIAssigmentTests.release.xcconfig */,
			);
			name = Pods;
			sourceTree = "<group>";
		};
		37B528AF21A166E400C5586A = {
			isa = PBXGroup;
			children = (
				37B528BA21A166E400C5586A /* NYAPIAssigment */,
				37B528CF21A166E600C5586A /* NYAPIAssigmentTests */,
				37B528B921A166E400C5586A /* Products */,
				1BAF2396C9A93CEFBA07EB47 /* Pods */,
				06729C5F5012B650B45F482D /* Frameworks */,
			);
			sourceTree = "<group>";
		};
		37B528B921A166E400C5586A /* Products */ = {
			isa = PBXGroup;
			children = (
				37B528B821A166E400C5586A /* NYAPIAssigment.app */,
				37B528CC21A166E600C5586A /* NYAPIAssigmentTests.xctest */,
			);
			name = Products;
			sourceTree = "<group>";
		};
		37B528BA21A166E400C5586A /* NYAPIAssigment */ = {
			isa = PBXGroup;
			children = (
				37B528DF21A1677A00C5586A /* Controllers */,
				37B528DE21A1676A00C5586A /* Models */,
				37B528DD21A1676100C5586A /* SupportingFiles */,
				37B528DB21A1675100C5586A /* Views */,
				37B528BB21A166E400C5586A /* AppDelegate.swift */,
				37B528C221A166E600C5586A /* Assets.xcassets */,
				37B528C721A166E600C5586A /* Info.plist */,
			);
			path = NYAPIAssigment;
			sourceTree = "<group>";
		};
		37B528CF21A166E600C5586A /* NYAPIAssigmentTests */ = {
			isa = PBXGroup;
			children = (
				37B528D021A166E600C5586A /* NYAPIAssigmentTests.swift */,
				37B528D221A166E600C5586A /* Info.plist */,
			);
			path = NYAPIAssigmentTests;
			sourceTree = "<group>";
		};
		37B528DB21A1675100C5586A /* Views */ = {
			isa = PBXGroup;
			children = (
				37B528EC21A168E400C5586A /* TableViewCells */,
			);
			path = Views;
			sourceTree = "<group>";
		};
		37B528DD21A1676100C5586A /* SupportingFiles */ = {
			isa = PBXGroup;
			children = (
				37B528EB21A168D000C5586A /* Storyboards */,
			);
			path = SupportingFiles;
			sourceTree = "<group>";
		};
		37B528DE21A1676A00C5586A /* Models */ = {
			isa = PBXGroup;
			children = (
				37B5290D21A1E61A00C5586A /* Utilities */,
				37B5290621A1A4FE00C5586A /* WebServiceCollection */,
				37B5290021A1948700C5586A /* ObjectModels */,
				37B528F321A16DD400C5586A /* Extensions */,
				37B528EA21A168BA00C5586A /* WebResponseModels */,
				37B528E921A168AD00C5586A /* AppConstants */,
			);
			path = Models;
			sourceTree = "<group>";
		};
		37B528DF21A1677A00C5586A /* Controllers */ = {
			isa = PBXGroup;
			children = (
				37B528E221A1685D00C5586A /* NewsDetailVC */,
				37B528E121A1685300C5586A /* NewsVC */,
				37B528E021A1684700C5586A /* BaseVC */,
			);
			path = Controllers;
			sourceTree = "<group>";
		};
		37B528E021A1684700C5586A /* BaseVC */ = {
			isa = PBXGroup;
			children = (
				37B528E321A1687C00C5586A /* BaseVC.swift */,
			);
			path = BaseVC;
			sourceTree = "<group>";
		};
		37B528E121A1685300C5586A /* NewsVC */ = {
			isa = PBXGroup;
			children = (
				37B528E521A1688A00C5586A /* NewsVC.swift */,
			);
			path = NewsVC;
			sourceTree = "<group>";
		};
		37B528E221A1685D00C5586A /* NewsDetailVC */ = {
			isa = PBXGroup;
			children = (
				37B528E721A168A600C5586A /* NewsDetailVC.swift */,
			);
			path = NewsDetailVC;
			sourceTree = "<group>";
		};
		37B528E921A168AD00C5586A /* AppConstants */ = {
			isa = PBXGroup;
			children = (
				37B528F121A16ADA00C5586A /* AppConstant.swift */,
			);
			path = AppConstants;
			sourceTree = "<group>";
		};
		37B528EA21A168BA00C5586A /* WebResponseModels */ = {
			isa = PBXGroup;
			children = (
				37B528F921A1942700C5586A /* NewsList */,
			);
			path = WebResponseModels;
			sourceTree = "<group>";
		};
		37B528EB21A168D000C5586A /* Storyboards */ = {
			isa = PBXGroup;
			children = (
				37B528ED21A168FB00C5586A /* LaunchScreen.storyboard */,
				37B528EF21A1691500C5586A /* NewsStoryboard.storyboard */,
			);
			path = Storyboards;
			sourceTree = "<group>";
		};
		37B528EC21A168E400C5586A /* TableViewCells */ = {
			isa = PBXGroup;
			children = (
				37B528F621A18C0D00C5586A /* NewsCell */,
			);
			path = TableViewCells;
			sourceTree = "<group>";
		};
		37B528F321A16DD400C5586A /* Extensions */ = {
			isa = PBXGroup;
			children = (
				37B528F421A16DEC00C5586A /* ExtensionUIColor.swift */,
			);
			path = Extensions;
			sourceTree = "<group>";
		};
		37B528F621A18C0D00C5586A /* NewsCell */ = {
			isa = PBXGroup;
			children = (
				37B528F721A18C3A00C5586A /* TableViewCellNewsList.swift */,
			);
			path = NewsCell;
			sourceTree = "<group>";
		};
		37B528F921A1942700C5586A /* NewsList */ = {
			isa = PBXGroup;
			children = (
				37B5290421A195AB00C5586A /* NewsResponse.swift */,
				37B528FC21A1944A00C5586A /* NewsMedia.swift */,
				37B528FB21A1944A00C5586A /* NewsMediaMetadata.swift */,
				37B528FA21A1944900C5586A /* NewsResult.swift */,
			);
			path = NewsList;
			sourceTree = "<group>";
		};
		37B5290021A1948700C5586A /* ObjectModels */ = {
			isa = PBXGroup;
			children = (
				37B5290121A1949800C5586A /* NewsDataSource */,
			);
			path = ObjectModels;
			sourceTree = "<group>";
		};
		37B5290121A1949800C5586A /* NewsDataSource */ = {
			isa = PBXGroup;
			children = (
				37B5290221A194C000C5586A /* NewsDataSource.swift */,
				37B5291221A1F61200C5586A /* NewTableDelegate.swift */,
			);
			path = NewsDataSource;
			sourceTree = "<group>";
		};
		37B5290621A1A4FE00C5586A /* WebServiceCollection */ = {
			isa = PBXGroup;
			children = (
				37B5290721A1A52500C5586A /* NetworkRequestController.swift */,
				37B5290921A1A5A700C5586A /* APIResource.swift */,
			);
			path = WebServiceCollection;
			sourceTree = "<group>";
		};
		37B5290D21A1E61A00C5586A /* Utilities */ = {
			isa = PBXGroup;
			children = (
				37B5291021A1E8C400C5586A /* ImageCache.swift */,
				37B5290E21A1E62900C5586A /* Formatters.swift */,
			);
			path = Utilities;
			sourceTree = "<group>";
		};
/* End PBXGroup section */

/* Begin PBXNativeTarget section */
		37B528B721A166E400C5586A /* NYAPIAssigment */ = {
			isa = PBXNativeTarget;
			buildConfigurationList = 37B528D521A166E600C5586A /* Build configuration list for PBXNativeTarget "NYAPIAssigment" */;
			buildPhases = (
				0E3A14E89F1E0E550AD2D262 /* [CP] Check Pods Manifest.lock */,
				37B528B421A166E400C5586A /* Sources */,
				37B528B521A166E400C5586A /* Frameworks */,
				37B528B621A166E400C5586A /* Resources */,
				82002928ABB90F5603DB51B2 /* [CP] Embed Pods Frameworks */,
			);
			buildRules = (
			);
			dependencies = (
			);
			name = NYAPIAssigment;
			productName = NYAPIAssigment;
			productReference = 37B528B821A166E400C5586A /* NYAPIAssigment.app */;
			productType = "com.apple.product-type.application";
		};
		37B528CB21A166E600C5586A /* NYAPIAssigmentTests */ = {
			isa = PBXNativeTarget;
			buildConfigurationList = 37B528D821A166E600C5586A /* Build configuration list for PBXNativeTarget "NYAPIAssigmentTests" */;
			buildPhases = (
				2A9FEB57A7D799BD881202F6 /* [CP] Check Pods Manifest.lock */,
				37B528C821A166E600C5586A /* Sources */,
				37B528C921A166E600C5586A /* Frameworks */,
				37B528CA21A166E600C5586A /* Resources */,
			);
			buildRules = (
			);
			dependencies = (
				37B528CE21A166E600C5586A /* PBXTargetDependency */,
			);
			name = NYAPIAssigmentTests;
			productName = NYAPIAssigmentTests;
			productReference = 37B528CC21A166E600C5586A /* NYAPIAssigmentTests.xctest */;
			productType = "com.apple.product-type.bundle.unit-test";
		};
/* End PBXNativeTarget section */

/* Begin PBXProject section */
		37B528B021A166E400C5586A /* Project object */ = {
			isa = PBXProject;
			attributes = {
				LastSwiftUpdateCheck = 1000;
				LastUpgradeCheck = 1000;
				ORGANIZATIONNAME = DevangTandel;
				TargetAttributes = {
					37B528B721A166E400C5586A = {
						CreatedOnToolsVersion = 10.0;
					};
					37B528CB21A166E600C5586A = {
						CreatedOnToolsVersion = 10.0;
						TestTargetID = 37B528B721A166E400C5586A;
					};
				};
			};
			buildConfigurationList = 37B528B321A166E400C5586A /* Build configuration list for PBXProject "NYAPIAssigment" */;
			compatibilityVersion = "Xcode 9.3";
			developmentRegion = en;
			hasScannedForEncodings = 0;
			knownRegions = (
				en,
				Base,
			);
			mainGroup = 37B528AF21A166E400C5586A;
			productRefGroup = 37B528B921A166E400C5586A /* Products */;
			projectDirPath = "";
			projectRoot = "";
			targets = (
				37B528B721A166E400C5586A /* NYAPIAssigment */,
				37B528CB21A166E600C5586A /* NYAPIAssigmentTests */,
			);
		};
/* End PBXProject section */

/* Begin PBXResourcesBuildPhase section */
		37B528B621A166E400C5586A /* Resources */ = {
			isa = PBXResourcesBuildPhase;
			buildActionMask = 2147483647;
			files = (
				37B528F021A1691500C5586A /* NewsStoryboard.storyboard in Resources */,
				37B528C321A166E600C5586A /* Assets.xcassets in Resources */,
				37B528EE21A168FB00C5586A /* LaunchScreen.storyboard in Resources */,
			);
			runOnlyForDeploymentPostprocessing = 0;
		};
		37B528CA21A166E600C5586A /* Resources */ = {
			isa = PBXResourcesBuildPhase;
			buildActionMask = 2147483647;
			files = (
			);
			runOnlyForDeploymentPostprocessing = 0;
		};
/* End PBXResourcesBuildPhase section */

/* Begin PBXShellScriptBuildPhase section */
		0E3A14E89F1E0E550AD2D262 /* [CP] Check Pods Manifest.lock */ = {
			isa = PBXShellScriptBuildPhase;
			buildActionMask = 2147483647;
			files = (
			);
			inputPaths = (
				"${PODS_PODFILE_DIR_PATH}/Podfile.lock",
				"${PODS_ROOT}/Manifest.lock",
			);
			name = "[CP] Check Pods Manifest.lock";
			outputPaths = (
				"$(DERIVED_FILE_DIR)/Pods-NYAPIAssigment-checkManifestLockResult.txt",
			);
			runOnlyForDeploymentPostprocessing = 0;
			shellPath = /bin/sh;
			shellScript = "diff \"${PODS_PODFILE_DIR_PATH}/Podfile.lock\" \"${PODS_ROOT}/Manifest.lock\" > /dev/null\nif [ $? != 0 ] ; then\n    # print error to STDERR\n    echo \"error: The sandbox is not in sync with the Podfile.lock. Run 'pod install' or update your CocoaPods installation.\" >&2\n    exit 1\nfi\n# This output is used by Xcode 'outputs' to avoid re-running this script phase.\necho \"SUCCESS\" > \"${SCRIPT_OUTPUT_FILE_0}\"\n";
			showEnvVarsInLog = 0;
		};
		2A9FEB57A7D799BD881202F6 /* [CP] Check Pods Manifest.lock */ = {
			isa = PBXShellScriptBuildPhase;
			buildActionMask = 2147483647;
			files = (
			);
			inputPaths = (
				"${PODS_PODFILE_DIR_PATH}/Podfile.lock",
				"${PODS_ROOT}/Manifest.lock",
			);
			name = "[CP] Check Pods Manifest.lock";
			outputPaths = (
				"$(DERIVED_FILE_DIR)/Pods-NYAPIAssigmentTests-checkManifestLockResult.txt",
			);
			runOnlyForDeploymentPostprocessing = 0;
			shellPath = /bin/sh;
			shellScript = "diff \"${PODS_PODFILE_DIR_PATH}/Podfile.lock\" \"${PODS_ROOT}/Manifest.lock\" > /dev/null\nif [ $? != 0 ] ; then\n    # print error to STDERR\n    echo \"error: The sandbox is not in sync with the Podfile.lock. Run 'pod install' or update your CocoaPods installation.\" >&2\n    exit 1\nfi\n# This output is used by Xcode 'outputs' to avoid re-running this script phase.\necho \"SUCCESS\" > \"${SCRIPT_OUTPUT_FILE_0}\"\n";
			showEnvVarsInLog = 0;
		};
		82002928ABB90F5603DB51B2 /* [CP] Embed Pods Frameworks */ = {
			isa = PBXShellScriptBuildPhase;
			buildActionMask = 2147483647;
			files = (
			);
			inputPaths = (
				"${SRCROOT}/Pods/Target Support Files/Pods-NYAPIAssigment/Pods-NYAPIAssigment-frameworks.sh",
				"${BUILT_PRODUCTS_DIR}/Alamofire/Alamofire.framework",
			);
			name = "[CP] Embed Pods Frameworks";
			outputPaths = (
				"${TARGET_BUILD_DIR}/${FRAMEWORKS_FOLDER_PATH}/Alamofire.framework",
			);
			runOnlyForDeploymentPostprocessing = 0;
			shellPath = /bin/sh;
			shellScript = "\"${SRCROOT}/Pods/Target Support Files/Pods-NYAPIAssigment/Pods-NYAPIAssigment-frameworks.sh\"\n";
			showEnvVarsInLog = 0;
		};
/* End PBXShellScriptBuildPhase section */

/* Begin PBXSourcesBuildPhase section */
		37B528B421A166E400C5586A /* Sources */ = {
			isa = PBXSourcesBuildPhase;
			buildActionMask = 2147483647;
			files = (
				37B528BC21A166E400C5586A /* AppDelegate.swift in Sources */,
				37B528F521A16DEC00C5586A /* ExtensionUIColor.swift in Sources */,
				37B5291121A1E8C400C5586A /* ImageCache.swift in Sources */,
				37B528F221A16ADA00C5586A /* AppConstant.swift in Sources */,
				37B5290F21A1E62900C5586A /* Formatters.swift in Sources */,
				37B528E421A1687C00C5586A /* BaseVC.swift in Sources */,
				37B5290A21A1A5A700C5586A /* APIResource.swift in Sources */,
				37B528E821A168A600C5586A /* NewsDetailVC.swift in Sources */,
				37B5290521A195AB00C5586A /* NewsResponse.swift in Sources */,
				37B528F821A18C3A00C5586A /* TableViewCellNewsList.swift in Sources */,
				37B5290321A194C000C5586A /* NewsDataSource.swift in Sources */,
				37B528E621A1688A00C5586A /* NewsVC.swift in Sources */,
				37B528FE21A1944A00C5586A /* NewsMediaMetadata.swift in Sources */,
				37B5291321A1F61200C5586A /* NewTableDelegate.swift in Sources */,
				37B528FD21A1944A00C5586A /* NewsResult.swift in Sources */,
				37B528FF21A1944A00C5586A /* NewsMedia.swift in Sources */,
				37B5290821A1A52500C5586A /* NetworkRequestController.swift in Sources */,
			);
			runOnlyForDeploymentPostprocessing = 0;
		};
		37B528C821A166E600C5586A /* Sources */ = {
			isa = PBXSourcesBuildPhase;
			buildActionMask = 2147483647;
			files = (
				37B528D121A166E600C5586A /* NYAPIAssigmentTests.swift in Sources */,
			);
			runOnlyForDeploymentPostprocessing = 0;
		};
/* End PBXSourcesBuildPhase section */

/* Begin PBXTargetDependency section */
		37B528CE21A166E600C5586A /* PBXTargetDependency */ = {
			isa = PBXTargetDependency;
			target = 37B528B721A166E400C5586A /* NYAPIAssigment */;
			targetProxy = 37B528CD21A166E600C5586A /* PBXContainerItemProxy */;
		};
/* End PBXTargetDependency section */

/* Begin XCBuildConfiguration section */
		37B528D321A166E600C5586A /* Debug */ = {
			isa = XCBuildConfiguration;
			buildSettings = {
				ALWAYS_SEARCH_USER_PATHS = NO;
				CLANG_ANALYZER_NONNULL = YES;
				CLANG_ANALYZER_NUMBER_OBJECT_CONVERSION = YES_AGGRESSIVE;
				CLANG_CXX_LANGUAGE_STANDARD = "gnu++14";
				CLANG_CXX_LIBRARY = "libc++";
				CLANG_ENABLE_MODULES = YES;
				CLANG_ENABLE_OBJC_ARC = YES;
				CLANG_ENABLE_OBJC_WEAK = YES;
				CLANG_WARN_BLOCK_CAPTURE_AUTORELEASING = YES;
				CLANG_WARN_BOOL_CONVERSION = YES;
				CLANG_WARN_COMMA = YES;
				CLANG_WARN_CONSTANT_CONVERSION = YES;
				CLANG_WARN_DEPRECATED_OBJC_IMPLEMENTATIONS = YES;
				CLANG_WARN_DIRECT_OBJC_ISA_USAGE = YES_ERROR;
				CLANG_WARN_DOCUMENTATION_COMMENTS = YES;
				CLANG_WARN_EMPTY_BODY = YES;
				CLANG_WARN_ENUM_CONVERSION = YES;
				CLANG_WARN_INFINITE_RECURSION = YES;
				CLANG_WARN_INT_CONVERSION = YES;
				CLANG_WARN_NON_LITERAL_NULL_CONVERSION = YES;
				CLANG_WARN_OBJC_IMPLICIT_RETAIN_SELF = YES;
				CLANG_WARN_OBJC_LITERAL_CONVERSION = YES;
				CLANG_WARN_OBJC_ROOT_CLASS = YES_ERROR;
				CLANG_WARN_RANGE_LOOP_ANALYSIS = YES;
				CLANG_WARN_STRICT_PROTOTYPES = YES;
				CLANG_WARN_SUSPICIOUS_MOVE = YES;
				CLANG_WARN_UNGUARDED_AVAILABILITY = YES_AGGRESSIVE;
				CLANG_WARN_UNREACHABLE_CODE = YES;
				CLANG_WARN__DUPLICATE_METHOD_MATCH = YES;
				CODE_SIGN_IDENTITY = "iPhone Developer";
				COPY_PHASE_STRIP = NO;
				DEBUG_INFORMATION_FORMAT = dwarf;
				ENABLE_STRICT_OBJC_MSGSEND = YES;
				ENABLE_TESTABILITY = YES;
				GCC_C_LANGUAGE_STANDARD = gnu11;
				GCC_DYNAMIC_NO_PIC = NO;
				GCC_NO_COMMON_BLOCKS = YES;
				GCC_OPTIMIZATION_LEVEL = 0;
				GCC_PREPROCESSOR_DEFINITIONS = (
					"DEBUG=1",
					"$(inherited)",
				);
				GCC_WARN_64_TO_32_BIT_CONVERSION = YES;
				GCC_WARN_ABOUT_RETURN_TYPE = YES_ERROR;
				GCC_WARN_UNDECLARED_SELECTOR = YES;
				GCC_WARN_UNINITIALIZED_AUTOS = YES_AGGRESSIVE;
				GCC_WARN_UNUSED_FUNCTION = YES;
				GCC_WARN_UNUSED_VARIABLE = YES;
				IPHONEOS_DEPLOYMENT_TARGET = 12.0;
				MTL_ENABLE_DEBUG_INFO = INCLUDE_SOURCE;
				MTL_FAST_MATH = YES;
				ONLY_ACTIVE_ARCH = YES;
				SDKROOT = iphoneos;
				SWIFT_ACTIVE_COMPILATION_CONDITIONS = DEBUG;
				SWIFT_OPTIMIZATION_LEVEL = "-Onone";
			};
			name = Debug;
		};
		37B528D421A166E600C5586A /* Release */ = {
			isa = XCBuildConfiguration;
			buildSettings = {
				ALWAYS_SEARCH_USER_PATHS = NO;
				CLANG_ANALYZER_NONNULL = YES;
				CLANG_ANALYZER_NUMBER_OBJECT_CONVERSION = YES_AGGRESSIVE;
				CLANG_CXX_LANGUAGE_STANDARD = "gnu++14";
				CLANG_CXX_LIBRARY = "libc++";
				CLANG_ENABLE_MODULES = YES;
				CLANG_ENABLE_OBJC_ARC = YES;
				CLANG_ENABLE_OBJC_WEAK = YES;
				CLANG_WARN_BLOCK_CAPTURE_AUTORELEASING = YES;
				CLANG_WARN_BOOL_CONVERSION = YES;
				CLANG_WARN_COMMA = YES;
				CLANG_WARN_CONSTANT_CONVERSION = YES;
				CLANG_WARN_DEPRECATED_OBJC_IMPLEMENTATIONS = YES;
				CLANG_WARN_DIRECT_OBJC_ISA_USAGE = YES_ERROR;
				CLANG_WARN_DOCUMENTATION_COMMENTS = YES;
				CLANG_WARN_EMPTY_BODY = YES;
				CLANG_WARN_ENUM_CONVERSION = YES;
				CLANG_WARN_INFINITE_RECURSION = YES;
				CLANG_WARN_INT_CONVERSION = YES;
				CLANG_WARN_NON_LITERAL_NULL_CONVERSION = YES;
				CLANG_WARN_OBJC_IMPLICIT_RETAIN_SELF = YES;
				CLANG_WARN_OBJC_LITERAL_CONVERSION = YES;
				CLANG_WARN_OBJC_ROOT_CLASS = YES_ERROR;
				CLANG_WARN_RANGE_LOOP_ANALYSIS = YES;
				CLANG_WARN_STRICT_PROTOTYPES = YES;
				CLANG_WARN_SUSPICIOUS_MOVE = YES;
				CLANG_WARN_UNGUARDED_AVAILABILITY = YES_AGGRESSIVE;
				CLANG_WARN_UNREACHABLE_CODE = YES;
				CLANG_WARN__DUPLICATE_METHOD_MATCH = YES;
				CODE_SIGN_IDENTITY = "iPhone Developer";
				COPY_PHASE_STRIP = NO;
				DEBUG_INFORMATION_FORMAT = "dwarf-with-dsym";
				ENABLE_NS_ASSERTIONS = NO;
				ENABLE_STRICT_OBJC_MSGSEND = YES;
				GCC_C_LANGUAGE_STANDARD = gnu11;
				GCC_NO_COMMON_BLOCKS = YES;
				GCC_WARN_64_TO_32_BIT_CONVERSION = YES;
				GCC_WARN_ABOUT_RETURN_TYPE = YES_ERROR;
				GCC_WARN_UNDECLARED_SELECTOR = YES;
				GCC_WARN_UNINITIALIZED_AUTOS = YES_AGGRESSIVE;
				GCC_WARN_UNUSED_FUNCTION = YES;
				GCC_WARN_UNUSED_VARIABLE = YES;
				IPHONEOS_DEPLOYMENT_TARGET = 12.0;
				MTL_ENABLE_DEBUG_INFO = NO;
				MTL_FAST_MATH = YES;
				SDKROOT = iphoneos;
				SWIFT_COMPILATION_MODE = wholemodule;
				SWIFT_OPTIMIZATION_LEVEL = "-O";
				VALIDATE_PRODUCT = YES;
			};
			name = Release;
		};
		37B528D621A166E600C5586A /* Debug */ = {
			isa = XCBuildConfiguration;
			baseConfigurationReference = EE9A44985564639CC1C2AFC6 /* Pods-NYAPIAssigment.debug.xcconfig */;
			buildSettings = {
				ASSETCATALOG_COMPILER_APPICON_NAME = AppIcon;
				CODE_SIGN_STYLE = Automatic;
				INFOPLIST_FILE = NYAPIAssigment/Info.plist;
				IPHONEOS_DEPLOYMENT_TARGET = 10.0;
				LD_RUNPATH_SEARCH_PATHS = (
					"$(inherited)",
					"@executable_path/Frameworks",
				);
				PRODUCT_BUNDLE_IDENTIFIER = com.NYAPIAssigment;
				PRODUCT_NAME = "$(TARGET_NAME)";
				SWIFT_VERSION = 4.2;
				TARGETED_DEVICE_FAMILY = "1,2";
			};
			name = Debug;
		};
		37B528D721A166E600C5586A /* Release */ = {
			isa = XCBuildConfiguration;
			baseConfigurationReference = 0DB6F66C51DF11FCF759E85A /* Pods-NYAPIAssigment.release.xcconfig */;
			buildSettings = {
				ASSETCATALOG_COMPILER_APPICON_NAME = AppIcon;
				CODE_SIGN_STYLE = Automatic;
				INFOPLIST_FILE = NYAPIAssigment/Info.plist;
				IPHONEOS_DEPLOYMENT_TARGET = 10.0;
				LD_RUNPATH_SEARCH_PATHS = (
					"$(inherited)",
					"@executable_path/Frameworks",
				);
				PRODUCT_BUNDLE_IDENTIFIER = com.NYAPIAssigment;
				PRODUCT_NAME = "$(TARGET_NAME)";
				SWIFT_VERSION = 4.2;
				TARGETED_DEVICE_FAMILY = "1,2";
			};
			name = Release;
		};
		37B528D921A166E600C5586A /* Debug */ = {
			isa = XCBuildConfiguration;
			baseConfigurationReference = F908595ED3E3FB2A783980C1 /* Pods-NYAPIAssigmentTests.debug.xcconfig */;
			buildSettings = {
				ALWAYS_EMBED_SWIFT_STANDARD_LIBRARIES = YES;
				BUNDLE_LOADER = "$(TEST_HOST)";
				CODE_SIGN_STYLE = Automatic;
				INFOPLIST_FILE = NYAPIAssigmentTests/Info.plist;
				LD_RUNPATH_SEARCH_PATHS = (
					"$(inherited)",
					"@executable_path/Frameworks",
					"@loader_path/Frameworks",
				);
				PRODUCT_BUNDLE_IDENTIFIER = com.NYAPIAssigmentTests;
				PRODUCT_NAME = "$(TARGET_NAME)";
				SWIFT_VERSION = 4.2;
				TARGETED_DEVICE_FAMILY = "1,2";
				TEST_HOST = "$(BUILT_PRODUCTS_DIR)/NYAPIAssigment.app/NYAPIAssigment";
			};
			name = Debug;
		};
		37B528DA21A166E600C5586A /* Release */ = {
			isa = XCBuildConfiguration;
			baseConfigurationReference = 5B9C61F2AE2AA2BF1AE99E18 /* Pods-NYAPIAssigmentTests.release.xcconfig */;
			buildSettings = {
				ALWAYS_EMBED_SWIFT_STANDARD_LIBRARIES = YES;
				BUNDLE_LOADER = "$(TEST_HOST)";
				CODE_SIGN_STYLE = Automatic;
				INFOPLIST_FILE = NYAPIAssigmentTests/Info.plist;
				LD_RUNPATH_SEARCH_PATHS = (
					"$(inherited)",
					"@executable_path/Frameworks",
					"@loader_path/Frameworks",
				);
				PRODUCT_BUNDLE_IDENTIFIER = com.NYAPIAssigmentTests;
				PRODUCT_NAME = "$(TARGET_NAME)";
				SWIFT_VERSION = 4.2;
				TARGETED_DEVICE_FAMILY = "1,2";
				TEST_HOST = "$(BUILT_PRODUCTS_DIR)/NYAPIAssigment.app/NYAPIAssigment";
			};
			name = Release;
		};
/* End XCBuildConfiguration section */

/* Begin XCConfigurationList section */
		37B528B321A166E400C5586A /* Build configuration list for PBXProject "NYAPIAssigment" */ = {
			isa = XCConfigurationList;
			buildConfigurations = (
				37B528D321A166E600C5586A /* Debug */,
				37B528D421A166E600C5586A /* Release */,
			);
			defaultConfigurationIsVisible = 0;
			defaultConfigurationName = Release;
		};
		37B528D521A166E600C5586A /* Build configuration list for PBXNativeTarget "NYAPIAssigment" */ = {
			isa = XCConfigurationList;
			buildConfigurations = (
				37B528D621A166E600C5586A /* Debug */,
				37B528D721A166E600C5586A /* Release */,
			);
			defaultConfigurationIsVisible = 0;
			defaultConfigurationName = Release;
		};
		37B528D821A166E600C5586A /* Build configuration list for PBXNativeTarget "NYAPIAssigmentTests" */ = {
			isa = XCConfigurationList;
			buildConfigurations = (
				37B528D921A166E600C5586A /* Debug */,
				37B528DA21A166E600C5586A /* Release */,
			);
			defaultConfigurationIsVisible = 0;
			defaultConfigurationName = Release;
		};
/* End XCConfigurationList section */
	};
	rootObject = 37B528B021A166E400C5586A /* Project object */;
}
